// !$*UTF8*$!
{
	archiveVersion = 1;
	classes = {
	};
	objectVersion = 48;
	objects = {

/* Begin PBXBuildFile section */
		0F8C61490132DE80141EF3CE /* Pods_PolitiKnowUITests.framework in Frameworks */ = {isa = PBXBuildFile; fileRef = 6FAB8927692E2C73D5227715 /* Pods_PolitiKnowUITests.framework */; };
		5C7A6E19FD79926D71F7C28A /* Pods_PolitiKnow.framework in Frameworks */ = {isa = PBXBuildFile; fileRef = 3B464D8CF44C0D6242836881 /* Pods_PolitiKnow.framework */; };
		C2E97E00C65116D336AC0EB3 /* Pods_PolitiKnowTests.framework in Frameworks */ = {isa = PBXBuildFile; fileRef = 86885446870F5FEBBC646F2E /* Pods_PolitiKnowTests.framework */; };
		F16AC27E20567672007055B0 /* awsconfiguration.json in Resources */ = {isa = PBXBuildFile; fileRef = F16AC27D20567672007055B0 /* awsconfiguration.json */; };
		F16AC280205676C3007055B0 /* News.swift in Sources */ = {isa = PBXBuildFile; fileRef = F16AC27F205676C2007055B0 /* News.swift */; };
		F1A769DE204C812000FCD817 /* AppDelegate.swift in Sources */ = {isa = PBXBuildFile; fileRef = F1A769DD204C812000FCD817 /* AppDelegate.swift */; };
		F1A769E0204C812000FCD817 /* ViewController.swift in Sources */ = {isa = PBXBuildFile; fileRef = F1A769DF204C812000FCD817 /* ViewController.swift */; };
		F1A769E3204C812000FCD817 /* Main.storyboard in Resources */ = {isa = PBXBuildFile; fileRef = F1A769E1204C812000FCD817 /* Main.storyboard */; };
		F1A769E5204C812000FCD817 /* Assets.xcassets in Resources */ = {isa = PBXBuildFile; fileRef = F1A769E4204C812000FCD817 /* Assets.xcassets */; };
		F1A769E8204C812000FCD817 /* LaunchScreen.storyboard in Resources */ = {isa = PBXBuildFile; fileRef = F1A769E6204C812000FCD817 /* LaunchScreen.storyboard */; };
		F1A769F3204C812000FCD817 /* PolitiKnowTests.swift in Sources */ = {isa = PBXBuildFile; fileRef = F1A769F2204C812000FCD817 /* PolitiKnowTests.swift */; };
		F1A769FE204C812000FCD817 /* PolitiKnowUITests.swift in Sources */ = {isa = PBXBuildFile; fileRef = F1A769FD204C812000FCD817 /* PolitiKnowUITests.swift */; };
/* End PBXBuildFile section */

/* Begin PBXContainerItemProxy section */
		F1A769EF204C812000FCD817 /* PBXContainerItemProxy */ = {
			isa = PBXContainerItemProxy;
			containerPortal = F1A769D2204C812000FCD817 /* Project object */;
			proxyType = 1;
			remoteGlobalIDString = F1A769D9204C812000FCD817;
			remoteInfo = PolitiKnow;
		};
		F1A769FA204C812000FCD817 /* PBXContainerItemProxy */ = {
			isa = PBXContainerItemProxy;
			containerPortal = F1A769D2204C812000FCD817 /* Project object */;
			proxyType = 1;
			remoteGlobalIDString = F1A769D9204C812000FCD817;
			remoteInfo = PolitiKnow;
		};
/* End PBXContainerItemProxy section */

/* Begin PBXFileReference section */
		0A0D238BF4915744C65D4357 /* Pods-PolitiKnowUITests.release.xcconfig */ = {isa = PBXFileReference; includeInIndex = 1; lastKnownFileType = text.xcconfig; name = "Pods-PolitiKnowUITests.release.xcconfig"; path = "Pods/Target Support Files/Pods-PolitiKnowUITests/Pods-PolitiKnowUITests.release.xcconfig"; sourceTree = "<group>"; };
		2F1AC6C89A0793D29DFAB718 /* Pods-PolitiKnow.release.xcconfig */ = {isa = PBXFileReference; includeInIndex = 1; lastKnownFileType = text.xcconfig; name = "Pods-PolitiKnow.release.xcconfig"; path = "Pods/Target Support Files/Pods-PolitiKnow/Pods-PolitiKnow.release.xcconfig"; sourceTree = "<group>"; };
		3B464D8CF44C0D6242836881 /* Pods_PolitiKnow.framework */ = {isa = PBXFileReference; explicitFileType = wrapper.framework; includeInIndex = 0; path = Pods_PolitiKnow.framework; sourceTree = BUILT_PRODUCTS_DIR; };
		6FAB8927692E2C73D5227715 /* Pods_PolitiKnowUITests.framework */ = {isa = PBXFileReference; explicitFileType = wrapper.framework; includeInIndex = 0; path = Pods_PolitiKnowUITests.framework; sourceTree = BUILT_PRODUCTS_DIR; };
		808B9D9041B0210A48DD5571 /* Pods-PolitiKnowTests.release.xcconfig */ = {isa = PBXFileReference; includeInIndex = 1; lastKnownFileType = text.xcconfig; name = "Pods-PolitiKnowTests.release.xcconfig"; path = "Pods/Target Support Files/Pods-PolitiKnowTests/Pods-PolitiKnowTests.release.xcconfig"; sourceTree = "<group>"; };
		86885446870F5FEBBC646F2E /* Pods_PolitiKnowTests.framework */ = {isa = PBXFileReference; explicitFileType = wrapper.framework; includeInIndex = 0; path = Pods_PolitiKnowTests.framework; sourceTree = BUILT_PRODUCTS_DIR; };
		A3C92BCEE67D5D6AAF9B5D23 /* Pods-PolitiKnowTests.debug.xcconfig */ = {isa = PBXFileReference; includeInIndex = 1; lastKnownFileType = text.xcconfig; name = "Pods-PolitiKnowTests.debug.xcconfig"; path = "Pods/Target Support Files/Pods-PolitiKnowTests/Pods-PolitiKnowTests.debug.xcconfig"; sourceTree = "<group>"; };
		D3AB79B0D9F9B72736842890 /* Pods-PolitiKnowUITests.debug.xcconfig */ = {isa = PBXFileReference; includeInIndex = 1; lastKnownFileType = text.xcconfig; name = "Pods-PolitiKnowUITests.debug.xcconfig"; path = "Pods/Target Support Files/Pods-PolitiKnowUITests/Pods-PolitiKnowUITests.debug.xcconfig"; sourceTree = "<group>"; };
		E70B85A34407169E3A010ACA /* Pods-PolitiKnow.debug.xcconfig */ = {isa = PBXFileReference; includeInIndex = 1; lastKnownFileType = text.xcconfig; name = "Pods-PolitiKnow.debug.xcconfig"; path = "Pods/Target Support Files/Pods-PolitiKnow/Pods-PolitiKnow.debug.xcconfig"; sourceTree = "<group>"; };
		F16AC27D20567672007055B0 /* awsconfiguration.json */ = {isa = PBXFileReference; fileEncoding = 4; lastKnownFileType = text.json; name = awsconfiguration.json; path = ../../../../Downloads/awsconfiguration.json; sourceTree = "<group>"; };
		F16AC27F205676C2007055B0 /* News.swift */ = {isa = PBXFileReference; fileEncoding = 4; lastKnownFileType = sourcecode.swift; path = News.swift; sourceTree = "<group>"; };
		F1A769DA204C812000FCD817 /* PolitiKnow.app */ = {isa = PBXFileReference; explicitFileType = wrapper.application; includeInIndex = 0; path = PolitiKnow.app; sourceTree = BUILT_PRODUCTS_DIR; };
		F1A769DD204C812000FCD817 /* AppDelegate.swift */ = {isa = PBXFileReference; lastKnownFileType = sourcecode.swift; path = AppDelegate.swift; sourceTree = "<group>"; };
		F1A769DF204C812000FCD817 /* ViewController.swift */ = {isa = PBXFileReference; lastKnownFileType = sourcecode.swift; path = ViewController.swift; sourceTree = "<group>"; };
		F1A769E2204C812000FCD817 /* Base */ = {isa = PBXFileReference; lastKnownFileType = file.storyboard; name = Base; path = Base.lproj/Main.storyboard; sourceTree = "<group>"; };
		F1A769E4204C812000FCD817 /* Assets.xcassets */ = {isa = PBXFileReference; lastKnownFileType = folder.assetcatalog; path = Assets.xcassets; sourceTree = "<group>"; };
		F1A769E7204C812000FCD817 /* Base */ = {isa = PBXFileReference; lastKnownFileType = file.storyboard; name = Base; path = Base.lproj/LaunchScreen.storyboard; sourceTree = "<group>"; };
		F1A769E9204C812000FCD817 /* Info.plist */ = {isa = PBXFileReference; lastKnownFileType = text.plist.xml; path = Info.plist; sourceTree = "<group>"; };
		F1A769EE204C812000FCD817 /* PolitiKnowTests.xctest */ = {isa = PBXFileReference; explicitFileType = wrapper.cfbundle; includeInIndex = 0; path = PolitiKnowTests.xctest; sourceTree = BUILT_PRODUCTS_DIR; };
		F1A769F2204C812000FCD817 /* PolitiKnowTests.swift */ = {isa = PBXFileReference; lastKnownFileType = sourcecode.swift; path = PolitiKnowTests.swift; sourceTree = "<group>"; };
		F1A769F4204C812000FCD817 /* Info.plist */ = {isa = PBXFileReference; lastKnownFileType = text.plist.xml; path = Info.plist; sourceTree = "<group>"; };
		F1A769F9204C812000FCD817 /* PolitiKnowUITests.xctest */ = {isa = PBXFileReference; explicitFileType = wrapper.cfbundle; includeInIndex = 0; path = PolitiKnowUITests.xctest; sourceTree = BUILT_PRODUCTS_DIR; };
		F1A769FD204C812000FCD817 /* PolitiKnowUITests.swift */ = {isa = PBXFileReference; lastKnownFileType = sourcecode.swift; path = PolitiKnowUITests.swift; sourceTree = "<group>"; };
		F1A769FF204C812000FCD817 /* Info.plist */ = {isa = PBXFileReference; lastKnownFileType = text.plist.xml; path = Info.plist; sourceTree = "<group>"; };
/* End PBXFileReference section */

/* Begin PBXFrameworksBuildPhase section */
		F1A769D7204C812000FCD817 /* Frameworks */ = {
			isa = PBXFrameworksBuildPhase;
			buildActionMask = 2147483647;
			files = (
				5C7A6E19FD79926D71F7C28A /* Pods_PolitiKnow.framework in Frameworks */,
			);
			runOnlyForDeploymentPostprocessing = 0;
		};
		F1A769EB204C812000FCD817 /* Frameworks */ = {
			isa = PBXFrameworksBuildPhase;
			buildActionMask = 2147483647;
			files = (
				C2E97E00C65116D336AC0EB3 /* Pods_PolitiKnowTests.framework in Frameworks */,
			);
			runOnlyForDeploymentPostprocessing = 0;
		};
		F1A769F6204C812000FCD817 /* Frameworks */ = {
			isa = PBXFrameworksBuildPhase;
			buildActionMask = 2147483647;
			files = (
				0F8C61490132DE80141EF3CE /* Pods_PolitiKnowUITests.framework in Frameworks */,
			);
			runOnlyForDeploymentPostprocessing = 0;
		};
/* End PBXFrameworksBuildPhase section */

/* Begin PBXGroup section */
		5A58DE1E5CB259C831CC829E /* Pods */ = {
			isa = PBXGroup;
			children = (
				E70B85A34407169E3A010ACA /* Pods-PolitiKnow.debug.xcconfig */,
				2F1AC6C89A0793D29DFAB718 /* Pods-PolitiKnow.release.xcconfig */,
				A3C92BCEE67D5D6AAF9B5D23 /* Pods-PolitiKnowTests.debug.xcconfig */,
				808B9D9041B0210A48DD5571 /* Pods-PolitiKnowTests.release.xcconfig */,
				D3AB79B0D9F9B72736842890 /* Pods-PolitiKnowUITests.debug.xcconfig */,
				0A0D238BF4915744C65D4357 /* Pods-PolitiKnowUITests.release.xcconfig */,
			);
			name = Pods;
			sourceTree = "<group>";
		};
		F1A769D1204C812000FCD817 = {
			isa = PBXGroup;
			children = (
				F1A769DC204C812000FCD817 /* PolitiKnow */,
				F1A769F1204C812000FCD817 /* PolitiKnowTests */,
				F1A769FC204C812000FCD817 /* PolitiKnowUITests */,
				F1A769DB204C812000FCD817 /* Products */,
				5A58DE1E5CB259C831CC829E /* Pods */,
				FF1F72578C7E2566BFCA4E42 /* Frameworks */,
			);
			sourceTree = "<group>";
		};
		F1A769DB204C812000FCD817 /* Products */ = {
			isa = PBXGroup;
			children = (
				F1A769DA204C812000FCD817 /* PolitiKnow.app */,
				F1A769EE204C812000FCD817 /* PolitiKnowTests.xctest */,
				F1A769F9204C812000FCD817 /* PolitiKnowUITests.xctest */,
			);
			name = Products;
			sourceTree = "<group>";
		};
		F1A769DC204C812000FCD817 /* PolitiKnow */ = {
			isa = PBXGroup;
			children = (
				F16AC27F205676C2007055B0 /* News.swift */,
				F16AC27D20567672007055B0 /* awsconfiguration.json */,
				F1A769DD204C812000FCD817 /* AppDelegate.swift */,
				F1A769DF204C812000FCD817 /* ViewController.swift */,
				F1A769E1204C812000FCD817 /* Main.storyboard */,
				F1A769E4204C812000FCD817 /* Assets.xcassets */,
				F1A769E6204C812000FCD817 /* LaunchScreen.storyboard */,
				F1A769E9204C812000FCD817 /* Info.plist */,
			);
			path = PolitiKnow;
			sourceTree = "<group>";
		};
		F1A769F1204C812000FCD817 /* PolitiKnowTests */ = {
			isa = PBXGroup;
			children = (
				F1A769F2204C812000FCD817 /* PolitiKnowTests.swift */,
				F1A769F4204C812000FCD817 /* Info.plist */,
			);
			path = PolitiKnowTests;
			sourceTree = "<group>";
		};
		F1A769FC204C812000FCD817 /* PolitiKnowUITests */ = {
			isa = PBXGroup;
			children = (
				F1A769FD204C812000FCD817 /* PolitiKnowUITests.swift */,
				F1A769FF204C812000FCD817 /* Info.plist */,
			);
			path = PolitiKnowUITests;
			sourceTree = "<group>";
		};
		FF1F72578C7E2566BFCA4E42 /* Frameworks */ = {
			isa = PBXGroup;
			children = (
				3B464D8CF44C0D6242836881 /* Pods_PolitiKnow.framework */,
				86885446870F5FEBBC646F2E /* Pods_PolitiKnowTests.framework */,
				6FAB8927692E2C73D5227715 /* Pods_PolitiKnowUITests.framework */,
			);
			name = Frameworks;
			sourceTree = "<group>";
		};
/* End PBXGroup section */

/* Begin PBXNativeTarget section */
		F1A769D9204C812000FCD817 /* PolitiKnow */ = {
			isa = PBXNativeTarget;
			buildConfigurationList = F1A76A02204C812000FCD817 /* Build configuration list for PBXNativeTarget "PolitiKnow" */;
			buildPhases = (
				89A5C397625360FDDBF77C84 /* [CP] Check Pods Manifest.lock */,
				F1A769D6204C812000FCD817 /* Sources */,
				F1A769D7204C812000FCD817 /* Frameworks */,
				F1A769D8204C812000FCD817 /* Resources */,
				2E021BDAA057FB508317220E /* [CP] Embed Pods Frameworks */,
				551D1E7CC72CB3BAA9925050 /* [CP] Copy Pods Resources */,
			);
			buildRules = (
			);
			dependencies = (
			);
			name = PolitiKnow;
			productName = PolitiKnow;
			productReference = F1A769DA204C812000FCD817 /* PolitiKnow.app */;
			productType = "com.apple.product-type.application";
		};
		F1A769ED204C812000FCD817 /* PolitiKnowTests */ = {
			isa = PBXNativeTarget;
			buildConfigurationList = F1A76A05204C812000FCD817 /* Build configuration list for PBXNativeTarget "PolitiKnowTests" */;
			buildPhases = (
				6066FDC5F692FD19A8D4A17E /* [CP] Check Pods Manifest.lock */,
				F1A769EA204C812000FCD817 /* Sources */,
				F1A769EB204C812000FCD817 /* Frameworks */,
				F1A769EC204C812000FCD817 /* Resources */,
				FD5E889AB687C1849D7FB7AD /* [CP] Embed Pods Frameworks */,
				1000F3410E3ACBBB40BEEB89 /* [CP] Copy Pods Resources */,
			);
			buildRules = (
			);
			dependencies = (
				F1A769F0204C812000FCD817 /* PBXTargetDependency */,
			);
			name = PolitiKnowTests;
			productName = PolitiKnowTests;
			productReference = F1A769EE204C812000FCD817 /* PolitiKnowTests.xctest */;
			productType = "com.apple.product-type.bundle.unit-test";
		};
		F1A769F8204C812000FCD817 /* PolitiKnowUITests */ = {
			isa = PBXNativeTarget;
			buildConfigurationList = F1A76A08204C812000FCD817 /* Build configuration list for PBXNativeTarget "PolitiKnowUITests" */;
			buildPhases = (
				92C378119FB4AB0F80C9DA68 /* [CP] Check Pods Manifest.lock */,
				F1A769F5204C812000FCD817 /* Sources */,
				F1A769F6204C812000FCD817 /* Frameworks */,
				F1A769F7204C812000FCD817 /* Resources */,
				205CA4000E5A066C9200E4F4 /* [CP] Embed Pods Frameworks */,
				E466A63FED5D15B25C2BF9AB /* [CP] Copy Pods Resources */,
			);
			buildRules = (
			);
			dependencies = (
				F1A769FB204C812000FCD817 /* PBXTargetDependency */,
			);
			name = PolitiKnowUITests;
			productName = PolitiKnowUITests;
			productReference = F1A769F9204C812000FCD817 /* PolitiKnowUITests.xctest */;
			productType = "com.apple.product-type.bundle.ui-testing";
		};
/* End PBXNativeTarget section */

/* Begin PBXProject section */
		F1A769D2204C812000FCD817 /* Project object */ = {
			isa = PBXProject;
			attributes = {
				LastSwiftUpdateCheck = 0920;
				LastUpgradeCheck = 0920;
				ORGANIZATIONNAME = "Jazmin Bembry";
				TargetAttributes = {
					F1A769D9204C812000FCD817 = {
						CreatedOnToolsVersion = 9.2;
						ProvisioningStyle = Automatic;
					};
					F1A769ED204C812000FCD817 = {
						CreatedOnToolsVersion = 9.2;
						ProvisioningStyle = Automatic;
						TestTargetID = F1A769D9204C812000FCD817;
					};
					F1A769F8204C812000FCD817 = {
						CreatedOnToolsVersion = 9.2;
						ProvisioningStyle = Automatic;
						TestTargetID = F1A769D9204C812000FCD817;
					};
				};
			};
			buildConfigurationList = F1A769D5204C812000FCD817 /* Build configuration list for PBXProject "PolitiKnow" */;
			compatibilityVersion = "Xcode 8.0";
			developmentRegion = en;
			hasScannedForEncodings = 0;
			knownRegions = (
				en,
				Base,
			);
			mainGroup = F1A769D1204C812000FCD817;
			productRefGroup = F1A769DB204C812000FCD817 /* Products */;
			projectDirPath = "";
			projectRoot = "";
			targets = (
				F1A769D9204C812000FCD817 /* PolitiKnow */,
				F1A769ED204C812000FCD817 /* PolitiKnowTests */,
				F1A769F8204C812000FCD817 /* PolitiKnowUITests */,
			);
		};
/* End PBXProject section */

/* Begin PBXResourcesBuildPhase section */
		F1A769D8204C812000FCD817 /* Resources */ = {
			isa = PBXResourcesBuildPhase;
			buildActionMask = 2147483647;
			files = (
				F16AC27E20567672007055B0 /* awsconfiguration.json in Resources */,
				F1A769E8204C812000FCD817 /* LaunchScreen.storyboard in Resources */,
				F1A769E5204C812000FCD817 /* Assets.xcassets in Resources */,
				F1A769E3204C812000FCD817 /* Main.storyboard in Resources */,
			);
			runOnlyForDeploymentPostprocessing = 0;
		};
		F1A769EC204C812000FCD817 /* Resources */ = {
			isa = PBXResourcesBuildPhase;
			buildActionMask = 2147483647;
			files = (
			);
			runOnlyForDeploymentPostprocessing = 0;
		};
		F1A769F7204C812000FCD817 /* Resources */ = {
			isa = PBXResourcesBuildPhase;
			buildActionMask = 2147483647;
			files = (
			);
			runOnlyForDeploymentPostprocessing = 0;
		};
/* End PBXResourcesBuildPhase section */

/* Begin PBXShellScriptBuildPhase section */
		1000F3410E3ACBBB40BEEB89 /* [CP] Copy Pods Resources */ = {
			isa = PBXShellScriptBuildPhase;
			buildActionMask = 2147483647;
			files = (
			);
			inputPaths = (
			);
			name = "[CP] Copy Pods Resources";
			outputPaths = (
			);
			runOnlyForDeploymentPostprocessing = 0;
			shellPath = /bin/sh;
			shellScript = "\"${SRCROOT}/Pods/Target Support Files/Pods-PolitiKnowTests/Pods-PolitiKnowTests-resources.sh\"\n";
			showEnvVarsInLog = 0;
		};
		205CA4000E5A066C9200E4F4 /* [CP] Embed Pods Frameworks */ = {
			isa = PBXShellScriptBuildPhase;
			buildActionMask = 2147483647;
			files = (
			);
			inputPaths = (
			);
			name = "[CP] Embed Pods Frameworks";
			outputPaths = (
			);
			runOnlyForDeploymentPostprocessing = 0;
			shellPath = /bin/sh;
			shellScript = "\"${SRCROOT}/Pods/Target Support Files/Pods-PolitiKnowUITests/Pods-PolitiKnowUITests-frameworks.sh\"\n";
			showEnvVarsInLog = 0;
		};
		2E021BDAA057FB508317220E /* [CP] Embed Pods Frameworks */ = {
			isa = PBXShellScriptBuildPhase;
			buildActionMask = 2147483647;
			files = (
			);
			inputPaths = (
				"${SRCROOT}/Pods/Target Support Files/Pods-PolitiKnow/Pods-PolitiKnow-frameworks.sh",
				"${BUILT_PRODUCTS_DIR}/AWSAuthCore/AWSAuthCore.framework",
				"${BUILT_PRODUCTS_DIR}/AWSCore/AWSCore.framework",
				"${BUILT_PRODUCTS_DIR}/AWSDynamoDB/AWSDynamoDB.framework",
				"${BUILT_PRODUCTS_DIR}/AWSMobileClient/AWSMobileClient.framework",
			);
			name = "[CP] Embed Pods Frameworks";
			outputPaths = (
				"${TARGET_BUILD_DIR}/${FRAMEWORKS_FOLDER_PATH}/AWSAuthCore.framework",
				"${TARGET_BUILD_DIR}/${FRAMEWORKS_FOLDER_PATH}/AWSCore.framework",
				"${TARGET_BUILD_DIR}/${FRAMEWORKS_FOLDER_PATH}/AWSDynamoDB.framework",
				"${TARGET_BUILD_DIR}/${FRAMEWORKS_FOLDER_PATH}/AWSMobileClient.framework",
			);
			runOnlyForDeploymentPostprocessing = 0;
			shellPath = /bin/sh;
			shellScript = "\"${SRCROOT}/Pods/Target Support Files/Pods-PolitiKnow/Pods-PolitiKnow-frameworks.sh\"\n";
			showEnvVarsInLog = 0;
		};
		551D1E7CC72CB3BAA9925050 /* [CP] Copy Pods Resources */ = {
			isa = PBXShellScriptBuildPhase;
			buildActionMask = 2147483647;
			files = (
			);
			inputPaths = (
			);
			name = "[CP] Copy Pods Resources";
			outputPaths = (
			);
			runOnlyForDeploymentPostprocessing = 0;
			shellPath = /bin/sh;
			shellScript = "\"${SRCROOT}/Pods/Target Support Files/Pods-PolitiKnow/Pods-PolitiKnow-resources.sh\"\n";
			showEnvVarsInLog = 0;
		};
		6066FDC5F692FD19A8D4A17E /* [CP] Check Pods Manifest.lock */ = {
			isa = PBXShellScriptBuildPhase;
			buildActionMask = 2147483647;
			files = (
			);
			inputPaths = (
				"${PODS_PODFILE_DIR_PATH}/Podfile.lock",
				"${PODS_ROOT}/Manifest.lock",
			);
			name = "[CP] Check Pods Manifest.lock";
			outputPaths = (
				"$(DERIVED_FILE_DIR)/Pods-PolitiKnowTests-checkManifestLockResult.txt",
			);
			runOnlyForDeploymentPostprocessing = 0;
			shellPath = /bin/sh;
			shellScript = "diff \"${PODS_PODFILE_DIR_PATH}/Podfile.lock\" \"${PODS_ROOT}/Manifest.lock\" > /dev/null\nif [ $? != 0 ] ; then\n    # print error to STDERR\n    echo \"error: The sandbox is not in sync with the Podfile.lock. Run 'pod install' or update your CocoaPods installation.\" >&2\n    exit 1\nfi\n# This output is used by Xcode 'outputs' to avoid re-running this script phase.\necho \"SUCCESS\" > \"${SCRIPT_OUTPUT_FILE_0}\"\n";
			showEnvVarsInLog = 0;
		};
		89A5C397625360FDDBF77C84 /* [CP] Check Pods Manifest.lock */ = {
			isa = PBXShellScriptBuildPhase;
			buildActionMask = 2147483647;
			files = (
			);
			inputPaths = (
				"${PODS_PODFILE_DIR_PATH}/Podfile.lock",
				"${PODS_ROOT}/Manifest.lock",
			);
			name = "[CP] Check Pods Manifest.lock";
			outputPaths = (
				"$(DERIVED_FILE_DIR)/Pods-PolitiKnow-checkManifestLockResult.txt",
			);
			runOnlyForDeploymentPostprocessing = 0;
			shellPath = /bin/sh;
			shellScript = "diff \"${PODS_PODFILE_DIR_PATH}/Podfile.lock\" \"${PODS_ROOT}/Manifest.lock\" > /dev/null\nif [ $? != 0 ] ; then\n    # print error to STDERR\n    echo \"error: The sandbox is not in sync with the Podfile.lock. Run 'pod install' or update your CocoaPods installation.\" >&2\n    exit 1\nfi\n# This output is used by Xcode 'outputs' to avoid re-running this script phase.\necho \"SUCCESS\" > \"${SCRIPT_OUTPUT_FILE_0}\"\n";
			showEnvVarsInLog = 0;
		};
		92C378119FB4AB0F80C9DA68 /* [CP] Check Pods Manifest.lock */ = {
			isa = PBXShellScriptBuildPhase;
			buildActionMask = 2147483647;
			files = (
			);
			inputPaths = (
				"${PODS_PODFILE_DIR_PATH}/Podfile.lock",
				"${PODS_ROOT}/Manifest.lock",
			);
			name = "[CP] Check Pods Manifest.lock";
			outputPaths = (
				"$(DERIVED_FILE_DIR)/Pods-PolitiKnowUITests-checkManifestLockResult.txt",
			);
			runOnlyForDeploymentPostprocessing = 0;
			shellPath = /bin/sh;
			shellScript = "diff \"${PODS_PODFILE_DIR_PATH}/Podfile.lock\" \"${PODS_ROOT}/Manifest.lock\" > /dev/null\nif [ $? != 0 ] ; then\n    # print error to STDERR\n    echo \"error: The sandbox is not in sync with the Podfile.lock. Run 'pod install' or update your CocoaPods installation.\" >&2\n    exit 1\nfi\n# This output is used by Xcode 'outputs' to avoid re-running this script phase.\necho \"SUCCESS\" > \"${SCRIPT_OUTPUT_FILE_0}\"\n";
			showEnvVarsInLog = 0;
		};
		E466A63FED5D15B25C2BF9AB /* [CP] Copy Pods Resources */ = {
			isa = PBXShellScriptBuildPhase;
			buildActionMask = 2147483647;
			files = (
			);
			inputPaths = (
			);
			name = "[CP] Copy Pods Resources";
			outputPaths = (
			);
			runOnlyForDeploymentPostprocessing = 0;
			shellPath = /bin/sh;
			shellScript = "\"${SRCROOT}/Pods/Target Support Files/Pods-PolitiKnowUITests/Pods-PolitiKnowUITests-resources.sh\"\n";
			showEnvVarsInLog = 0;
		};
		FD5E889AB687C1849D7FB7AD /* [CP] Embed Pods Frameworks */ = {
			isa = PBXShellScriptBuildPhase;
			buildActionMask = 2147483647;
			files = (
			);
			inputPaths = (
			);
			name = "[CP] Embed Pods Frameworks";
			outputPaths = (
			);
			runOnlyForDeploymentPostprocessing = 0;
			shellPath = /bin/sh;
			shellScript = "\"${SRCROOT}/Pods/Target Support Files/Pods-PolitiKnowTests/Pods-PolitiKnowTests-frameworks.sh\"\n";
			showEnvVarsInLog = 0;
		};
/* End PBXShellScriptBuildPhase section */

/* Begin PBXSourcesBuildPhase section */
		F1A769D6204C812000FCD817 /* Sources */ = {
			isa = PBXSourcesBuildPhase;
			buildActionMask = 2147483647;
			files = (
				F16AC280205676C3007055B0 /* News.swift in Sources */,
				F1A769E0204C812000FCD817 /* ViewController.swift in Sources */,
				F1A769DE204C812000FCD817 /* AppDelegate.swift in Sources */,
			);
			runOnlyForDeploymentPostprocessing = 0;
		};
		F1A769EA204C812000FCD817 /* Sources */ = {
			isa = PBXSourcesBuildPhase;
			buildActionMask = 2147483647;
			files = (
				F1A769F3204C812000FCD817 /* PolitiKnowTests.swift in Sources */,
			);
			runOnlyForDeploymentPostprocessing = 0;
		};
		F1A769F5204C812000FCD817 /* Sources */ = {
			isa = PBXSourcesBuildPhase;
			buildActionMask = 2147483647;
			files = (
				F1A769FE204C812000FCD817 /* PolitiKnowUITests.swift in Sources */,
			);
			runOnlyForDeploymentPostprocessing = 0;
		};
/* End PBXSourcesBuildPhase section */

/* Begin PBXTargetDependency section */
		F1A769F0204C812000FCD817 /* PBXTargetDependency */ = {
			isa = PBXTargetDependency;
			target = F1A769D9204C812000FCD817 /* PolitiKnow */;
			targetProxy = F1A769EF204C812000FCD817 /* PBXContainerItemProxy */;
		};
		F1A769FB204C812000FCD817 /* PBXTargetDependency */ = {
			isa = PBXTargetDependency;
			target = F1A769D9204C812000FCD817 /* PolitiKnow */;
			targetProxy = F1A769FA204C812000FCD817 /* PBXContainerItemProxy */;
		};
/* End PBXTargetDependency section */

/* Begin PBXVariantGroup section */
		F1A769E1204C812000FCD817 /* Main.storyboard */ = {
			isa = PBXVariantGroup;
			children = (
				F1A769E2204C812000FCD817 /* Base */,
			);
			name = Main.storyboard;
			sourceTree = "<group>";
		};
		F1A769E6204C812000FCD817 /* LaunchScreen.storyboard */ = {
			isa = PBXVariantGroup;
			children = (
				F1A769E7204C812000FCD817 /* Base */,
			);
			name = LaunchScreen.storyboard;
			sourceTree = "<group>";
		};
/* End PBXVariantGroup section */

/* Begin XCBuildConfiguration section */
		F1A76A00204C812000FCD817 /* Debug */ = {
			isa = XCBuildConfiguration;
			buildSettings = {
				ALWAYS_SEARCH_USER_PATHS = NO;
				CLANG_ANALYZER_NONNULL = YES;
				CLANG_ANALYZER_NUMBER_OBJECT_CONVERSION = YES_AGGRESSIVE;
				CLANG_CXX_LANGUAGE_STANDARD = "gnu++14";
				CLANG_CXX_LIBRARY = "libc++";
				CLANG_ENABLE_MODULES = YES;
				CLANG_ENABLE_OBJC_ARC = YES;
				CLANG_WARN_BLOCK_CAPTURE_AUTORELEASING = YES;
				CLANG_WARN_BOOL_CONVERSION = YES;
				CLANG_WARN_COMMA = YES;
				CLANG_WARN_CONSTANT_CONVERSION = YES;
				CLANG_WARN_DIRECT_OBJC_ISA_USAGE = YES_ERROR;
				CLANG_WARN_DOCUMENTATION_COMMENTS = YES;
				CLANG_WARN_EMPTY_BODY = YES;
				CLANG_WARN_ENUM_CONVERSION = YES;
				CLANG_WARN_INFINITE_RECURSION = YES;
				CLANG_WARN_INT_CONVERSION = YES;
				CLANG_WARN_NON_LITERAL_NULL_CONVERSION = YES;
				CLANG_WARN_OBJC_LITERAL_CONVERSION = YES;
				CLANG_WARN_OBJC_ROOT_CLASS = YES_ERROR;
				CLANG_WARN_RANGE_LOOP_ANALYSIS = YES;
				CLANG_WARN_STRICT_PROTOTYPES = YES;
				CLANG_WARN_SUSPICIOUS_MOVE = YES;
				CLANG_WARN_UNGUARDED_AVAILABILITY = YES_AGGRESSIVE;
				CLANG_WARN_UNREACHABLE_CODE = YES;
				CLANG_WARN__DUPLICATE_METHOD_MATCH = YES;
				CODE_SIGN_IDENTITY = "iPhone Developer";
				COPY_PHASE_STRIP = NO;
				DEBUG_INFORMATION_FORMAT = dwarf;
				ENABLE_STRICT_OBJC_MSGSEND = YES;
				ENABLE_TESTABILITY = YES;
				GCC_C_LANGUAGE_STANDARD = gnu11;
				GCC_DYNAMIC_NO_PIC = NO;
				GCC_NO_COMMON_BLOCKS = YES;
				GCC_OPTIMIZATION_LEVEL = 0;
				GCC_PREPROCESSOR_DEFINITIONS = (
					"DEBUG=1",
					"$(inherited)",
				);
				GCC_WARN_64_TO_32_BIT_CONVERSION = YES;
				GCC_WARN_ABOUT_RETURN_TYPE = YES_ERROR;
				GCC_WARN_UNDECLARED_SELECTOR = YES;
				GCC_WARN_UNINITIALIZED_AUTOS = YES_AGGRESSIVE;
				GCC_WARN_UNUSED_FUNCTION = YES;
				GCC_WARN_UNUSED_VARIABLE = YES;
				IPHONEOS_DEPLOYMENT_TARGET = 11.2;
				MTL_ENABLE_DEBUG_INFO = YES;
				ONLY_ACTIVE_ARCH = YES;
				SDKROOT = iphoneos;
				SWIFT_ACTIVE_COMPILATION_CONDITIONS = DEBUG;
				SWIFT_OPTIMIZATION_LEVEL = "-Onone";
			};
			name = Debug;
		};
		F1A76A01204C812000FCD817 /* Release */ = {
			isa = XCBuildConfiguration;
			buildSettings = {
				ALWAYS_SEARCH_USER_PATHS = NO;
				CLANG_ANALYZER_NONNULL = YES;
				CLANG_ANALYZER_NUMBER_OBJECT_CONVERSION = YES_AGGRESSIVE;
				CLANG_CXX_LANGUAGE_STANDARD = "gnu++14";
				CLANG_CXX_LIBRARY = "libc++";
				CLANG_ENABLE_MODULES = YES;
				CLANG_ENABLE_OBJC_ARC = YES;
				CLANG_WARN_BLOCK_CAPTURE_AUTORELEASING = YES;
				CLANG_WARN_BOOL_CONVERSION = YES;
				CLANG_WARN_COMMA = YES;
				CLANG_WARN_CONSTANT_CONVERSION = YES;
				CLANG_WARN_DIRECT_OBJC_ISA_USAGE = YES_ERROR;
				CLANG_WARN_DOCUMENTATION_COMMENTS = YES;
				CLANG_WARN_EMPTY_BODY = YES;
				CLANG_WARN_ENUM_CONVERSION = YES;
				CLANG_WARN_INFINITE_RECURSION = YES;
				CLANG_WARN_INT_CONVERSION = YES;
				CLANG_WARN_NON_LITERAL_NULL_CONVERSION = YES;
				CLANG_WARN_OBJC_LITERAL_CONVERSION = YES;
				CLANG_WARN_OBJC_ROOT_CLASS = YES_ERROR;
				CLANG_WARN_RANGE_LOOP_ANALYSIS = YES;
				CLANG_WARN_STRICT_PROTOTYPES = YES;
				CLANG_WARN_SUSPICIOUS_MOVE = YES;
				CLANG_WARN_UNGUARDED_AVAILABILITY = YES_AGGRESSIVE;
				CLANG_WARN_UNREACHABLE_CODE = YES;
				CLANG_WARN__DUPLICATE_METHOD_MATCH = YES;
				CODE_SIGN_IDENTITY = "iPhone Developer";
				COPY_PHASE_STRIP = NO;
				DEBUG_INFORMATION_FORMAT = "dwarf-with-dsym";
				ENABLE_NS_ASSERTIONS = NO;
				ENABLE_STRICT_OBJC_MSGSEND = YES;
				GCC_C_LANGUAGE_STANDARD = gnu11;
				GCC_NO_COMMON_BLOCKS = YES;
				GCC_WARN_64_TO_32_BIT_CONVERSION = YES;
				GCC_WARN_ABOUT_RETURN_TYPE = YES_ERROR;
				GCC_WARN_UNDECLARED_SELECTOR = YES;
				GCC_WARN_UNINITIALIZED_AUTOS = YES_AGGRESSIVE;
				GCC_WARN_UNUSED_FUNCTION = YES;
				GCC_WARN_UNUSED_VARIABLE = YES;
				IPHONEOS_DEPLOYMENT_TARGET = 11.2;
				MTL_ENABLE_DEBUG_INFO = NO;
				SDKROOT = iphoneos;
				SWIFT_OPTIMIZATION_LEVEL = "-Owholemodule";
				VALIDATE_PRODUCT = YES;
			};
			name = Release;
		};
		F1A76A03204C812000FCD817 /* Debug */ = {
			isa = XCBuildConfiguration;
			baseConfigurationReference = E70B85A34407169E3A010ACA /* Pods-PolitiKnow.debug.xcconfig */;
			buildSettings = {
				ASSETCATALOG_COMPILER_APPICON_NAME = AppIcon;
				CODE_SIGN_STYLE = Automatic;
				DEVELOPMENT_TEAM = 3J5V8Y987B;
				INFOPLIST_FILE = PolitiKnow/Info.plist;
				LD_RUNPATH_SEARCH_PATHS = "$(inherited) @executable_path/Frameworks";
				PRODUCT_BUNDLE_IDENTIFIER = bembry.PolitiKnow;
				PRODUCT_NAME = "$(TARGET_NAME)";
				SWIFT_VERSION = 4.0;
				TARGETED_DEVICE_FAMILY = "1,2";
			};
			name = Debug;
		};
		F1A76A04204C812000FCD817 /* Release */ = {
			isa = XCBuildConfiguration;
			baseConfigurationReference = 2F1AC6C89A0793D29DFAB718 /* Pods-PolitiKnow.release.xcconfig */;
			buildSettings = {
				ASSETCATALOG_COMPILER_APPICON_NAME = AppIcon;
				CODE_SIGN_STYLE = Automatic;
				DEVELOPMENT_TEAM = 3J5V8Y987B;
				INFOPLIST_FILE = PolitiKnow/Info.plist;
				LD_RUNPATH_SEARCH_PATHS = "$(inherited) @executable_path/Frameworks";
				PRODUCT_BUNDLE_IDENTIFIER = bembry.PolitiKnow;
				PRODUCT_NAME = "$(TARGET_NAME)";
				SWIFT_VERSION = 4.0;
				TARGETED_DEVICE_FAMILY = "1,2";
			};
			name = Release;
		};
		F1A76A06204C812000FCD817 /* Debug */ = {
			isa = XCBuildConfiguration;
			baseConfigurationReference = A3C92BCEE67D5D6AAF9B5D23 /* Pods-PolitiKnowTests.debug.xcconfig */;
			buildSettings = {
				ALWAYS_EMBED_SWIFT_STANDARD_LIBRARIES = YES;
				BUNDLE_LOADER = "$(TEST_HOST)";
				CODE_SIGN_STYLE = Automatic;
				INFOPLIST_FILE = PolitiKnowTests/Info.plist;
				LD_RUNPATH_SEARCH_PATHS = "$(inherited) @executable_path/Frameworks @loader_path/Frameworks";
				PRODUCT_BUNDLE_IDENTIFIER = bembry.PolitiKnowTests;
				PRODUCT_NAME = "$(TARGET_NAME)";
				SWIFT_VERSION = 4.0;
				TARGETED_DEVICE_FAMILY = "1,2";
				TEST_HOST = "$(BUILT_PRODUCTS_DIR)/PolitiKnow.app/PolitiKnow";
			};
			name = Debug;
		};
		F1A76A07204C812000FCD817 /* Release */ = {
			isa = XCBuildConfiguration;
			baseConfigurationReference = 808B9D9041B0210A48DD5571 /* Pods-PolitiKnowTests.release.xcconfig */;
			buildSettings = {
				ALWAYS_EMBED_SWIFT_STANDARD_LIBRARIES = YES;
				BUNDLE_LOADER = "$(TEST_HOST)";
				CODE_SIGN_STYLE = Automatic;
				INFOPLIST_FILE = PolitiKnowTests/Info.plist;
				LD_RUNPATH_SEARCH_PATHS = "$(inherited) @executable_path/Frameworks @loader_path/Frameworks";
				PRODUCT_BUNDLE_IDENTIFIER = bembry.PolitiKnowTests;
				PRODUCT_NAME = "$(TARGET_NAME)";
				SWIFT_VERSION = 4.0;
				TARGETED_DEVICE_FAMILY = "1,2";
				TEST_HOST = "$(BUILT_PRODUCTS_DIR)/PolitiKnow.app/PolitiKnow";
			};
			name = Release;
		};
		F1A76A09204C812000FCD817 /* Debug */ = {
			isa = XCBuildConfiguration;
			baseConfigurationReference = D3AB79B0D9F9B72736842890 /* Pods-PolitiKnowUITests.debug.xcconfig */;
			buildSettings = {
				ALWAYS_EMBED_SWIFT_STANDARD_LIBRARIES = YES;
				CODE_SIGN_STYLE = Automatic;
				INFOPLIST_FILE = PolitiKnowUITests/Info.plist;
				LD_RUNPATH_SEARCH_PATHS = "$(inherited) @executable_path/Frameworks @loader_path/Frameworks";
				PRODUCT_BUNDLE_IDENTIFIER = bembry.PolitiKnowUITests;
				PRODUCT_NAME = "$(TARGET_NAME)";
				SWIFT_VERSION = 4.0;
				TARGETED_DEVICE_FAMILY = "1,2";
				TEST_TARGET_NAME = PolitiKnow;
			};
			name = Debug;
		};
		F1A76A0A204C812000FCD817 /* Release */ = {
			isa = XCBuildConfiguration;
			baseConfigurationReference = 0A0D238BF4915744C65D4357 /* Pods-PolitiKnowUITests.release.xcconfig */;
			buildSettings = {
				ALWAYS_EMBED_SWIFT_STANDARD_LIBRARIES = YES;
				CODE_SIGN_STYLE = Automatic;
				INFOPLIST_FILE = PolitiKnowUITests/Info.plist;
				LD_RUNPATH_SEARCH_PATHS = "$(inherited) @executable_path/Frameworks @loader_path/Frameworks";
				PRODUCT_BUNDLE_IDENTIFIER = bembry.PolitiKnowUITests;
				PRODUCT_NAME = "$(TARGET_NAME)";
				SWIFT_VERSION = 4.0;
				TARGETED_DEVICE_FAMILY = "1,2";
				TEST_TARGET_NAME = PolitiKnow;
			};
			name = Release;
		};
/* End XCBuildConfiguration section */

/* Begin XCConfigurationList section */
		F1A769D5204C812000FCD817 /* Build configuration list for PBXProject "PolitiKnow" */ = {
			isa = XCConfigurationList;
			buildConfigurations = (
				F1A76A00204C812000FCD817 /* Debug */,
				F1A76A01204C812000FCD817 /* Release */,
			);
			defaultConfigurationIsVisible = 0;
			defaultConfigurationName = Release;
		};
		F1A76A02204C812000FCD817 /* Build configuration list for PBXNativeTarget "PolitiKnow" */ = {
			isa = XCConfigurationList;
			buildConfigurations = (
				F1A76A03204C812000FCD817 /* Debug */,
				F1A76A04204C812000FCD817 /* Release */,
			);
			defaultConfigurationIsVisible = 0;
			defaultConfigurationName = Release;
		};
		F1A76A05204C812000FCD817 /* Build configuration list for PBXNativeTarget "PolitiKnowTests" */ = {
			isa = XCConfigurationList;
			buildConfigurations = (
				F1A76A06204C812000FCD817 /* Debug */,
				F1A76A07204C812000FCD817 /* Release */,
			);
			defaultConfigurationIsVisible = 0;
			defaultConfigurationName = Release;
		};
		F1A76A08204C812000FCD817 /* Build configuration list for PBXNativeTarget "PolitiKnowUITests" */ = {
			isa = XCConfigurationList;
			buildConfigurations = (
				F1A76A09204C812000FCD817 /* Debug */,
				F1A76A0A204C812000FCD817 /* Release */,
			);
			defaultConfigurationIsVisible = 0;
			defaultConfigurationName = Release;
		};
/* End XCConfigurationList section */
	};
	rootObject = F1A769D2204C812000FCD817 /* Project object */;
}
